// !$*UTF8*$!
{
	archiveVersion = 1;
	classes = {
	};
	objectVersion = 55;
	objects = {

/* Begin PBXBuildFile section */
		EA796761270C108400BDE23F /* AppDelegate.swift in Sources */ = {isa = PBXBuildFile; fileRef = EA796760270C108400BDE23F /* AppDelegate.swift */; };
		EA796763270C108400BDE23F /* SceneDelegate.swift in Sources */ = {isa = PBXBuildFile; fileRef = EA796762270C108400BDE23F /* SceneDelegate.swift */; };
		EA796765270C108400BDE23F /* ViewController.swift in Sources */ = {isa = PBXBuildFile; fileRef = EA796764270C108400BDE23F /* ViewController.swift */; };
		EA796768270C108400BDE23F /* Main.storyboard in Resources */ = {isa = PBXBuildFile; fileRef = EA796766270C108400BDE23F /* Main.storyboard */; };
		EA79676A270C108500BDE23F /* Assets.xcassets in Resources */ = {isa = PBXBuildFile; fileRef = EA796769270C108500BDE23F /* Assets.xcassets */; };
		EA79676D270C108500BDE23F /* LaunchScreen.storyboard in Resources */ = {isa = PBXBuildFile; fileRef = EA79676B270C108500BDE23F /* LaunchScreen.storyboard */; };
		EA79678E270C126B00BDE23F /* smooth_operator_lib.framework in Frameworks */ = {isa = PBXBuildFile; fileRef = EA796785270C10D800BDE23F /* smooth_operator_lib.framework */; };
/* End PBXBuildFile section */

/* Begin PBXContainerItemProxy section */
		EA796784270C10D800BDE23F /* PBXContainerItemProxy */ = {
			isa = PBXContainerItemProxy;
			containerPortal = EA79677F270C10D800BDE23F /* smooth-operator-lib.xcodeproj */;
			proxyType = 2;
			remoteGlobalIDString = EA79673A270C0FCB00BDE23F;
			remoteInfo = "smooth-operator-lib";
		};
		EA796786270C10D800BDE23F /* PBXContainerItemProxy */ = {
			isa = PBXContainerItemProxy;
			containerPortal = EA79677F270C10D800BDE23F /* smooth-operator-lib.xcodeproj */;
			proxyType = 2;
			remoteGlobalIDString = EA796744270C0FCB00BDE23F;
			remoteInfo = "smooth-operator-libTests";
		};
/* End PBXContainerItemProxy section */

/* Begin PBXFileReference section */
		EA79675D270C108400BDE23F /* smooth-operator-app.app */ = {isa = PBXFileReference; explicitFileType = wrapper.application; includeInIndex = 0; path = "smooth-operator-app.app"; sourceTree = BUILT_PRODUCTS_DIR; };
		EA796760270C108400BDE23F /* AppDelegate.swift */ = {isa = PBXFileReference; lastKnownFileType = sourcecode.swift; path = AppDelegate.swift; sourceTree = "<group>"; };
		EA796762270C108400BDE23F /* SceneDelegate.swift */ = {isa = PBXFileReference; lastKnownFileType = sourcecode.swift; path = SceneDelegate.swift; sourceTree = "<group>"; };
		EA796764270C108400BDE23F /* ViewController.swift */ = {isa = PBXFileReference; lastKnownFileType = sourcecode.swift; path = ViewController.swift; sourceTree = "<group>"; };
		EA796767270C108400BDE23F /* Base */ = {isa = PBXFileReference; lastKnownFileType = file.storyboard; name = Base; path = Base.lproj/Main.storyboard; sourceTree = "<group>"; };
		EA796769270C108500BDE23F /* Assets.xcassets */ = {isa = PBXFileReference; lastKnownFileType = folder.assetcatalog; path = Assets.xcassets; sourceTree = "<group>"; };
		EA79676C270C108500BDE23F /* Base */ = {isa = PBXFileReference; lastKnownFileType = file.storyboard; name = Base; path = Base.lproj/LaunchScreen.storyboard; sourceTree = "<group>"; };
		EA79676E270C108500BDE23F /* Info.plist */ = {isa = PBXFileReference; lastKnownFileType = text.plist.xml; path = Info.plist; sourceTree = "<group>"; };
		EA79677F270C10D800BDE23F /* smooth-operator-lib.xcodeproj */ = {isa = PBXFileReference; lastKnownFileType = "wrapper.pb-project"; name = "smooth-operator-lib.xcodeproj"; path = "../smooth-operator-lib/smooth-operator-lib.xcodeproj"; sourceTree = "<group>"; };
/* End PBXFileReference section */

/* Begin PBXFrameworksBuildPhase section */
		EA79675A270C108400BDE23F /* Frameworks */ = {
			isa = PBXFrameworksBuildPhase;
			buildActionMask = 2147483647;
			files = (
				EA79678E270C126B00BDE23F /* smooth_operator_lib.framework in Frameworks */,
			);
			runOnlyForDeploymentPostprocessing = 0;
		};
/* End PBXFrameworksBuildPhase section */

/* Begin PBXGroup section */
		EA796754270C108400BDE23F = {
			isa = PBXGroup;
			children = (
				EA79675F270C108400BDE23F /* smooth-operator-app */,
				EA79677F270C10D800BDE23F /* smooth-operator-lib.xcodeproj */,
				EA79675E270C108400BDE23F /* Products */,
				EA79678A270C120500BDE23F /* Frameworks */,
			);
			sourceTree = "<group>";
		};
		EA79675E270C108400BDE23F /* Products */ = {
			isa = PBXGroup;
			children = (
				EA79675D270C108400BDE23F /* smooth-operator-app.app */,
			);
			name = Products;
			sourceTree = "<group>";
		};
		EA79675F270C108400BDE23F /* smooth-operator-app */ = {
			isa = PBXGroup;
			children = (
				EA796760270C108400BDE23F /* AppDelegate.swift */,
				EA796762270C108400BDE23F /* SceneDelegate.swift */,
				EA796764270C108400BDE23F /* ViewController.swift */,
				EA796766270C108400BDE23F /* Main.storyboard */,
				EA796769270C108500BDE23F /* Assets.xcassets */,
				EA79676B270C108500BDE23F /* LaunchScreen.storyboard */,
				EA79676E270C108500BDE23F /* Info.plist */,
			);
			path = "smooth-operator-app";
			sourceTree = "<group>";
		};
		EA796780270C10D800BDE23F /* Products */ = {
			isa = PBXGroup;
			children = (
				EA796785270C10D800BDE23F /* smooth_operator_lib.framework */,
				EA796787270C10D800BDE23F /* smooth-operator-libTests.xctest */,
			);
			name = Products;
			sourceTree = "<group>";
		};
		EA79678A270C120500BDE23F /* Frameworks */ = {
			isa = PBXGroup;
			children = (
			);
			name = Frameworks;
			sourceTree = "<group>";
		};
/* End PBXGroup section */

/* Begin PBXNativeTarget section */
		EA79675C270C108400BDE23F /* smooth-operator-app */ = {
			isa = PBXNativeTarget;
			buildConfigurationList = EA796771270C108500BDE23F /* Build configuration list for PBXNativeTarget "smooth-operator-app" */;
			buildPhases = (
				EA796759270C108400BDE23F /* Sources */,
				EA79675A270C108400BDE23F /* Frameworks */,
				EA79675B270C108400BDE23F /* Resources */,
			);
			buildRules = (
			);
			dependencies = (
			);
			name = "smooth-operator-app";
			productName = "smooth-operator-app";
			productReference = EA79675D270C108400BDE23F /* smooth-operator-app.app */;
			productType = "com.apple.product-type.application";
		};
/* End PBXNativeTarget section */

/* Begin PBXProject section */
		EA796755270C108400BDE23F /* Project object */ = {
			isa = PBXProject;
			attributes = {
				BuildIndependentTargetsInParallel = 1;
				LastSwiftUpdateCheck = 1300;
				LastUpgradeCheck = 1300;
				TargetAttributes = {
					EA79675C270C108400BDE23F = {
						CreatedOnToolsVersion = 13.0;
					};
				};
			};
			buildConfigurationList = EA796758270C108400BDE23F /* Build configuration list for PBXProject "smooth-operator-app" */;
			compatibilityVersion = "Xcode 13.0";
			developmentRegion = en;
			hasScannedForEncodings = 0;
			knownRegions = (
				en,
				Base,
			);
			mainGroup = EA796754270C108400BDE23F;
			productRefGroup = EA79675E270C108400BDE23F /* Products */;
			projectDirPath = "";
			projectReferences = (
				{
					ProductGroup = EA796780270C10D800BDE23F /* Products */;
					ProjectRef = EA79677F270C10D800BDE23F /* smooth-operator-lib.xcodeproj */;
				},
			);
			projectRoot = "";
			targets = (
				EA79675C270C108400BDE23F /* smooth-operator-app */,
			);
		};
/* End PBXProject section */

/* Begin PBXReferenceProxy section */
		EA796785270C10D800BDE23F /* smooth_operator_lib.framework */ = {
			isa = PBXReferenceProxy;
			fileType = wrapper.framework;
			path = smooth_operator_lib.framework;
			remoteRef = EA796784270C10D800BDE23F /* PBXContainerItemProxy */;
			sourceTree = BUILT_PRODUCTS_DIR;
		};
		EA796787270C10D800BDE23F /* smooth-operator-libTests.xctest */ = {
			isa = PBXReferenceProxy;
			fileType = wrapper.cfbundle;
			path = "smooth-operator-libTests.xctest";
			remoteRef = EA796786270C10D800BDE23F /* PBXContainerItemProxy */;
			sourceTree = BUILT_PRODUCTS_DIR;
		};
/* End PBXReferenceProxy section */

/* Begin PBXResourcesBuildPhase section */
		EA79675B270C108400BDE23F /* Resources */ = {
			isa = PBXResourcesBuildPhase;
			buildActionMask = 2147483647;
			files = (
				EA79676D270C108500BDE23F /* LaunchScreen.storyboard in Resources */,
				EA79676A270C108500BDE23F /* Assets.xcassets in Resources */,
				EA796768270C108400BDE23F /* Main.storyboard in Resources */,
			);
			runOnlyForDeploymentPostprocessing = 0;
		};
/* End PBXResourcesBuildPhase section */

/* Begin PBXSourcesBuildPhase section */
		EA796759270C108400BDE23F /* Sources */ = {
			isa = PBXSourcesBuildPhase;
			buildActionMask = 2147483647;
			files = (
				EA796765270C108400BDE23F /* ViewController.swift in Sources */,
				EA796761270C108400BDE23F /* AppDelegate.swift in Sources */,
				EA796763270C108400BDE23F /* SceneDelegate.swift in Sources */,
			);
			runOnlyForDeploymentPostprocessing = 0;
		};
/* End PBXSourcesBuildPhase section */

/* Begin PBXVariantGroup section */
		EA796766270C108400BDE23F /* Main.storyboard */ = {
			isa = PBXVariantGroup;
			children = (
				EA796767270C108400BDE23F /* Base */,
			);
			name = Main.storyboard;
			sourceTree = "<group>";
		};
		EA79676B270C108500BDE23F /* LaunchScreen.storyboard */ = {
			isa = PBXVariantGroup;
			children = (
				EA79676C270C108500BDE23F /* Base */,
			);
			name = LaunchScreen.storyboard;
			sourceTree = "<group>";
		};
/* End PBXVariantGroup section */

/* Begin XCBuildConfiguration section */
		EA79676F270C108500BDE23F /* Debug */ = {
			isa = XCBuildConfiguration;
			buildSettings = {
				ALWAYS_SEARCH_USER_PATHS = NO;
				CLANG_ANALYZER_NONNULL = YES;
				CLANG_ANALYZER_NUMBER_OBJECT_CONVERSION = YES_AGGRESSIVE;
				CLANG_CXX_LANGUAGE_STANDARD = "gnu++17";
				CLANG_CXX_LIBRARY = "libc++";
				CLANG_ENABLE_MODULES = YES;
				CLANG_ENABLE_OBJC_ARC = YES;
				CLANG_ENABLE_OBJC_WEAK = YES;
				CLANG_WARN_BLOCK_CAPTURE_AUTORELEASING = YES;
				CLANG_WARN_BOOL_CONVERSION = YES;
				CLANG_WARN_COMMA = YES;
				CLANG_WARN_CONSTANT_CONVERSION = YES;
				CLANG_WARN_DEPRECATED_OBJC_IMPLEMENTATIONS = YES;
				CLANG_WARN_DIRECT_OBJC_ISA_USAGE = YES_ERROR;
				CLANG_WARN_DOCUMENTATION_COMMENTS = YES;
				CLANG_WARN_EMPTY_BODY = YES;
				CLANG_WARN_ENUM_CONVERSION = YES;
				CLANG_WARN_INFINITE_RECURSION = YES;
				CLANG_WARN_INT_CONVERSION = YES;
				CLANG_WARN_NON_LITERAL_NULL_CONVERSION = YES;
				CLANG_WARN_OBJC_IMPLICIT_RETAIN_SELF = YES;
				CLANG_WARN_OBJC_LITERAL_CONVERSION = YES;
				CLANG_WARN_OBJC_ROOT_CLASS = YES_ERROR;
				CLANG_WARN_QUOTED_INCLUDE_IN_FRAMEWORK_HEADER = YES;
				CLANG_WARN_RANGE_LOOP_ANALYSIS = YES;
				CLANG_WARN_STRICT_PROTOTYPES = YES;
				CLANG_WARN_SUSPICIOUS_MOVE = YES;
				CLANG_WARN_UNGUARDED_AVAILABILITY = YES_AGGRESSIVE;
				CLANG_WARN_UNREACHABLE_CODE = YES;
				CLANG_WARN__DUPLICATE_METHOD_MATCH = YES;
				COPY_PHASE_STRIP = NO;
				DEBUG_INFORMATION_FORMAT = dwarf;
				ENABLE_STRICT_OBJC_MSGSEND = YES;
				ENABLE_TESTABILITY = YES;
				GCC_C_LANGUAGE_STANDARD = gnu11;
				GCC_DYNAMIC_NO_PIC = NO;
				GCC_NO_COMMON_BLOCKS = YES;
				GCC_OPTIMIZATION_LEVEL = 0;
				GCC_PREPROCESSOR_DEFINITIONS = (
					"DEBUG=1",
					"$(inherited)",
				);
				GCC_WARN_64_TO_32_BIT_CONVERSION = YES;
				GCC_WARN_ABOUT_RETURN_TYPE = YES_ERROR;
				GCC_WARN_UNDECLARED_SELECTOR = YES;
				GCC_WARN_UNINITIALIZED_AUTOS = YES_AGGRESSIVE;
				GCC_WARN_UNUSED_FUNCTION = YES;
				GCC_WARN_UNUSED_VARIABLE = YES;
				IPHONEOS_DEPLOYMENT_TARGET = 15.0;
				MTL_ENABLE_DEBUG_INFO = INCLUDE_SOURCE;
				MTL_FAST_MATH = YES;
				ONLY_ACTIVE_ARCH = YES;
				SDKROOT = iphoneos;
				SWIFT_ACTIVE_COMPILATION_CONDITIONS = DEBUG;
				SWIFT_OPTIMIZATION_LEVEL = "-Onone";
			};
			name = Debug;
		};
		EA796770270C108500BDE23F /* Release */ = {
			isa = XCBuildConfiguration;
			buildSettings = {
				ALWAYS_SEARCH_USER_PATHS = NO;
				CLANG_ANALYZER_NONNULL = YES;
				CLANG_ANALYZER_NUMBER_OBJECT_CONVERSION = YES_AGGRESSIVE;
				CLANG_CXX_LANGUAGE_STANDARD = "gnu++17";
				CLANG_CXX_LIBRARY = "libc++";
				CLANG_ENABLE_MODULES = YES;
				CLANG_ENABLE_OBJC_ARC = YES;
				CLANG_ENABLE_OBJC_WEAK = YES;
				CLANG_WARN_BLOCK_CAPTURE_AUTORELEASING = YES;
				CLANG_WARN_BOOL_CONVERSION = YES;
				CLANG_WARN_COMMA = YES;
				CLANG_WARN_CONSTANT_CONVERSION = YES;
				CLANG_WARN_DEPRECATED_OBJC_IMPLEMENTATIONS = YES;
				CLANG_WARN_DIRECT_OBJC_ISA_USAGE = YES_ERROR;
				CLANG_WARN_DOCUMENTATION_COMMENTS = YES;
				CLANG_WARN_EMPTY_BODY = YES;
				CLANG_WARN_ENUM_CONVERSION = YES;
				CLANG_WARN_INFINITE_RECURSION = YES;
				CLANG_WARN_INT_CONVERSION = YES;
				CLANG_WARN_NON_LITERAL_NULL_CONVERSION = YES;
				CLANG_WARN_OBJC_IMPLICIT_RETAIN_SELF = YES;
				CLANG_WARN_OBJC_LITERAL_CONVERSION = YES;
				CLANG_WARN_OBJC_ROOT_CLASS = YES_ERROR;
				CLANG_WARN_QUOTED_INCLUDE_IN_FRAMEWORK_HEADER = YES;
				CLANG_WARN_RANGE_LOOP_ANALYSIS = YES;
				CLANG_WARN_STRICT_PROTOTYPES = YES;
				CLANG_WARN_SUSPICIOUS_MOVE = YES;
				CLANG_WARN_UNGUARDED_AVAILABILITY = YES_AGGRESSIVE;
				CLANG_WARN_UNREACHABLE_CODE = YES;
				CLANG_WARN__DUPLICATE_METHOD_MATCH = YES;
				COPY_PHASE_STRIP = NO;
				DEBUG_INFORMATION_FORMAT = "dwarf-with-dsym";
				ENABLE_NS_ASSERTIONS = NO;
				ENABLE_STRICT_OBJC_MSGSEND = YES;
				GCC_C_LANGUAGE_STANDARD = gnu11;
				GCC_NO_COMMON_BLOCKS = YES;
				GCC_WARN_64_TO_32_BIT_CONVERSION = YES;
				GCC_WARN_ABOUT_RETURN_TYPE = YES_ERROR;
				GCC_WARN_UNDECLARED_SELECTOR = YES;
				GCC_WARN_UNINITIALIZED_AUTOS = YES_AGGRESSIVE;
				GCC_WARN_UNUSED_FUNCTION = YES;
				GCC_WARN_UNUSED_VARIABLE = YES;
				IPHONEOS_DEPLOYMENT_TARGET = 15.0;
				MTL_ENABLE_DEBUG_INFO = NO;
				MTL_FAST_MATH = YES;
				SDKROOT = iphoneos;
				SWIFT_COMPILATION_MODE = wholemodule;
				SWIFT_OPTIMIZATION_LEVEL = "-O";
				VALIDATE_PRODUCT = YES;
			};
			name = Release;
		};
		EA796772270C108500BDE23F /* Debug */ = {
			isa = XCBuildConfiguration;
			buildSettings = {
				ASSETCATALOG_COMPILER_APPICON_NAME = AppIcon;
				ASSETCATALOG_COMPILER_GLOBAL_ACCENT_COLOR_NAME = AccentColor;
				CODE_SIGN_STYLE = Automatic;
				CURRENT_PROJECT_VERSION = 1;
				DEVELOPMENT_TEAM = 6MEG7ZY4CJ;
				GENERATE_INFOPLIST_FILE = YES;
				INFOPLIST_FILE = "smooth-operator-app/Info.plist";
				INFOPLIST_KEY_UIApplicationSupportsIndirectInputEvents = YES;
				INFOPLIST_KEY_UILaunchStoryboardName = LaunchScreen;
				INFOPLIST_KEY_UIMainStoryboardFile = Main;
				INFOPLIST_KEY_UISupportedInterfaceOrientations_iPad = "UIInterfaceOrientationPortrait UIInterfaceOrientationPortraitUpsideDown UIInterfaceOrientationLandscapeLeft UIInterfaceOrientationLandscapeRight";
				INFOPLIST_KEY_UISupportedInterfaceOrientations_iPhone = "UIInterfaceOrientationPortrait UIInterfaceOrientationLandscapeLeft UIInterfaceOrientationLandscapeRight";
				LD_RUNPATH_SEARCH_PATHS = (
					"$(inherited)",
					"@executable_path/Frameworks",
				);
				MARKETING_VERSION = 1.0;
				PRODUCT_BUNDLE_IDENTIFIER = "com.onelogin.smooth-operator-app";
				PRODUCT_NAME = "$(TARGET_NAME)";
				SWIFT_EMIT_LOC_STRINGS = YES;
				SWIFT_VERSION = 5.0;
				TARGETED_DEVICE_FAMILY = "1,2";
			};
			name = Debug;
		};
		EA796773270C108500BDE23F /* Release */ = {
			isa = XCBuildConfiguration;
			buildSettings = {
				ASSETCATALOG_COMPILER_APPICON_NAME = AppIcon;
				ASSETCATALOG_COMPILER_GLOBAL_ACCENT_COLOR_NAME = AccentColor;
				CODE_SIGN_STYLE = Automatic;
				CURRENT_PROJECT_VERSION = 1;
				DEVELOPMENT_TEAM = 6MEG7ZY4CJ;
				GENERATE_INFOPLIST_FILE = YES;
				INFOPLIST_FILE = "smooth-operator-app/Info.plist";
				INFOPLIST_KEY_UIApplicationSupportsIndirectInputEvents = YES;
				INFOPLIST_KEY_UILaunchStoryboardName = LaunchScreen;
				INFOPLIST_KEY_UIMainStoryboardFile = Main;
				INFOPLIST_KEY_UISupportedInterfaceOrientations_iPad = "UIInterfaceOrientationPortrait UIInterfaceOrientationPortraitUpsideDown UIInterfaceOrientationLandscapeLeft UIInterfaceOrientationLandscapeRight";
				INFOPLIST_KEY_UISupportedInterfaceOrientations_iPhone = "UIInterfaceOrientationPortrait UIInterfaceOrientationLandscapeLeft UIInterfaceOrientationLandscapeRight";
				LD_RUNPATH_SEARCH_PATHS = (
					"$(inherited)",
					"@executable_path/Frameworks",
				);
				MARKETING_VERSION = 1.0;
				PRODUCT_BUNDLE_IDENTIFIER = "com.onelogin.smooth-operator-app";
				PRODUCT_NAME = "$(TARGET_NAME)";
				SWIFT_EMIT_LOC_STRINGS = YES;
				SWIFT_VERSION = 5.0;
				TARGETED_DEVICE_FAMILY = "1,2";
			};
			name = Release;
		};
/* End XCBuildConfiguration section */

/* Begin XCConfigurationList section */
		EA796758270C108400BDE23F /* Build configuration list for PBXProject "smooth-operator-app" */ = {
			isa = XCConfigurationList;
			buildConfigurations = (
				EA79676F270C108500BDE23F /* Debug */,
				EA796770270C108500BDE23F /* Release */,
			);
			defaultConfigurationIsVisible = 0;
			defaultConfigurationName = Release;
		};
		EA796771270C108500BDE23F /* Build configuration list for PBXNativeTarget "smooth-operator-app" */ = {
			isa = XCConfigurationList;
			buildConfigurations = (
				EA796772270C108500BDE23F /* Debug */,
				EA796773270C108500BDE23F /* Release */,
			);
			defaultConfigurationIsVisible = 0;
			defaultConfigurationName = Release;
		};
/* End XCConfigurationList section */
	};
	rootObject = EA796755270C108400BDE23F /* Project object */;
}
